
Microsoft Visual Studio Solution File, Format Version 12.00
# Visual Studio Version 16
VisualStudioVersion = 16.0.31727.386
MinimumVisualStudioVersion = 10.0.40219.1
Project("{FAE04EC0-301F-11D3-BF4B-00C04F79EFBC}") = "WinFormsApp1", "WinFormsApp1.csproj", "{76C75094-CC94-4D63-A2B7-B9490153C69A}"
EndProject
Global
	GlobalSection(SolutionConfigurationPlatforms) = preSolution
		Debug|Any CPU = Debug|Any CPU
		Release|Any CPU = Release|Any CPU
	EndGlobalSection
	GlobalSection(ProjectConfigurationPlatforms) = postSolution
		{76C75094-CC94-4D63-A2B7-B9490153C69A}.Debug|Any CPU.ActiveCfg = Debug|Any CPU
		{76C75094-CC94-4D63-A2B7-B9490153C69A}.Debug|Any CPU.Build.0 = Debug|Any CPU
		{76C75094-CC94-4D63-A2B7-B9490153C69A}.Release|Any CPU.ActiveCfg = Release|Any CPU
		{76C75094-CC94-4D63-A2B7-B9490153C69A}.Release|Any CPU.Build.0 = Release|Any CPU
	EndGlobalSection
	GlobalSection(SolutionProperties) = preSolution
		HideSolutionNode = FALSE
	EndGlobalSection
	GlobalSection(ExtensibilityGlobals) = postSolution
		SolutionGuid = {04DFE87B-CF3B-4537-A4CD-4579141CB7B9}
	EndGlobalSection
EndGlobal
